<?xml version="1.0" encoding="utf-8"?>
<Project ToolsVersion="4.0" xmlns="http://schemas.microsoft.com/developer/msbuild/2003">
  <ItemGroup>
    <ClCompile Include="src\main.cpp">
      <Filter>src</Filter>
    </ClCompile>
    <ClCompile Include="src\main.cpp">
      <Filter>src</Filter>
    </ClCompile>
    <ClCompile Include="src\testApp.cpp">
      <Filter>src</Filter>
    </ClCompile>
    <ClCompile Include="..\..\..\addons\ofxHeliosLibs\src\multitouch\MultiTouchActions.cpp">
      <Filter>addons\ofxHeliosLibs\src\multitouch</Filter>
    </ClCompile>
    <ClCompile Include="..\..\..\addons\ofxHeliosLibs\src\multitouch\MultiTouchCursor.cpp">
      <Filter>addons\ofxHeliosLibs\src\multitouch</Filter>
    </ClCompile>
    <ClCompile Include="..\..\..\addons\ofxHeliosLibs\src\multitouch\MultiTouchObject.cpp">
      <Filter>addons\ofxHeliosLibs\src\multitouch</Filter>
    </ClCompile>
    <ClCompile Include="..\..\..\addons\ofxTweenzor\src\Tween.cpp">
      <Filter>addons\ofxTweenzor\src</Filter>
    </ClCompile>
    <ClCompile Include="..\..\..\addons\ofxTweenzor\src\Tweenzor.cpp">
      <Filter>addons\ofxTweenzor\src</Filter>
    </ClCompile>
    <ClCompile Include="..\..\..\addons\ofxWinTouch\src\GestureEngine.cpp">
      <Filter>addons\ofxWinTouch\src</Filter>
    </ClCompile>
    <ClCompile Include="..\..\..\addons\ofxWinTouch\src\ofBaseTouchApp.cpp">
      <Filter>addons\ofxWinTouch\src</Filter>
    </ClCompile>
    <ClCompile Include="..\..\..\addons\ofxWinTouch\src\ofWinGestureEngine.cpp">
      <Filter>addons\ofxWinTouch\src</Filter>
    </ClCompile>
    <ClCompile Include="..\..\..\addons\ofxWinTouch\src\ofWinGlutWindow.cpp">
      <Filter>addons\ofxWinTouch\src</Filter>
    </ClCompile>
    <ClCompile Include="..\..\..\addons\ofxWinTouch\src\ofWinTouchEngine.cpp">
      <Filter>addons\ofxWinTouch\src</Filter>
    </ClCompile>
    <ClCompile Include="..\src\interactive\ofxMatrixTransformObject.cpp">
      <Filter>addons\ofxHeliosLibs\src\interactive</Filter>
    </ClCompile>
  </ItemGroup>
  <ItemGroup>
    <Filter Include="src">
      <UniqueIdentifier>{d8376475-7454-4a24-b08a-aac121d3ad6f}</UniqueIdentifier>
    </Filter>
    <Filter Include="addons">
      <UniqueIdentifier>{71834F65-F3A9-211E-73B8-DC85}</UniqueIdentifier>
    </Filter>
    <Filter Include="addons\ofxHeliosLibs">
      <UniqueIdentifier>{9242C2C7-5A8A-77BD-7E09-BABE}</UniqueIdentifier>
    </Filter>
    <Filter Include="addons\ofxHeliosLibs\src">
      <UniqueIdentifier>{EA348405-DA09-A5A6-2EAE-C1F2}</UniqueIdentifier>
    </Filter>
    <Filter Include="addons\ofxHeliosLibs\src\multitouch">
      <UniqueIdentifier>{10E61F8E-C011-F2C5-7EF4-78D1}</UniqueIdentifier>
    </Filter>
    <Filter Include="addons\ofxTweenzor">
      <UniqueIdentifier>{01C39FF4-5B53-3070-C89A-1750}</UniqueIdentifier>
    </Filter>
    <Filter Include="addons\ofxTweenzor\src">
      <UniqueIdentifier>{5D58D81D-C685-E91E-0E62-80F4}</UniqueIdentifier>
    </Filter>
    <Filter Include="addons\ofxWinTouch">
      <UniqueIdentifier>{45F8CA1C-3747-0512-30BC-12F1}</UniqueIdentifier>
    </Filter>
    <Filter Include="addons\ofxWinTouch\src">
      <UniqueIdentifier>{AC5D4DC6-1491-19DA-56BD-6B27}</UniqueIdentifier>
    </Filter>
    <Filter Include="addons\ofxHeliosLibs\src\interactive">
      <UniqueIdentifier>{03f24aa4-1f65-42f6-8c6a-44157eb7fa44}</UniqueIdentifier>
    </Filter>
  </ItemGroup>
  <ItemGroup>
    <ClInclude Include="src\testApp.h">
      <Filter>src</Filter>
    </ClInclude>
    <ClInclude Include="..\..\..\addons\ofxHeliosLibs\src\multitouch\BaseMultitouchObject.h">
      <Filter>addons\ofxHeliosLibs\src\multitouch</Filter>
    </ClInclude>
    <ClInclude Include="..\..\..\addons\ofxHeliosLibs\src\multitouch\MultiTouchActions.h">
      <Filter>addons\ofxHeliosLibs\src\multitouch</Filter>
    </ClInclude>
    <ClInclude Include="..\..\..\addons\ofxHeliosLibs\src\multitouch\MultiTouchCursor.h">
      <Filter>addons\ofxHeliosLibs\src\multitouch</Filter>
    </ClInclude>
    <ClInclude Include="..\..\..\addons\ofxHeliosLibs\src\multitouch\MultiTouchObject.h">
      <Filter>addons\ofxHeliosLibs\src\multitouch</Filter>
    </ClInclude>
    <ClInclude Include="..\..\..\addons\ofxTweenzor\src\ofxTweenzor.h">
      <Filter>addons\ofxTweenzor\src</Filter>
    </ClInclude>
    <ClInclude Include="..\..\..\addons\ofxTweenzor\src\Tween.h">
      <Filter>addons\ofxTweenzor\src</Filter>
    </ClInclude>
    <ClInclude Include="..\..\..\addons\ofxTweenzor\src\TweenEvent.h">
      <Filter>addons\ofxTweenzor\src</Filter>
    </ClInclude>
    <ClInclude Include="..\..\..\addons\ofxTweenzor\src\TweenFunctions.h">
      <Filter>addons\ofxTweenzor\src</Filter>
    </ClInclude>
    <ClInclude Include="..\..\..\addons\ofxTweenzor\src\TweenSelector.h">
      <Filter>addons\ofxTweenzor\src</Filter>
    </ClInclude>
    <ClInclude Include="..\..\..\addons\ofxTweenzor\src\Tweenzor.h">
      <Filter>addons\ofxTweenzor\src</Filter>
    </ClInclude>
    <ClInclude Include="..\..\..\addons\ofxWinTouch\src\GestureEngine.h">
      <Filter>addons\ofxWinTouch\src</Filter>
    </ClInclude>
    <ClInclude Include="..\..\..\addons\ofxWinTouch\src\ofBaseTouchApp.h">
      <Filter>addons\ofxWinTouch\src</Filter>
    </ClInclude>
    <ClInclude Include="..\..\..\addons\ofxWinTouch\src\ofWinGestureEngine.h">
      <Filter>addons\ofxWinTouch\src</Filter>
    </ClInclude>
    <ClInclude Include="..\..\..\addons\ofxWinTouch\src\ofWinGlutWindow.h">
      <Filter>addons\ofxWinTouch\src</Filter>
    </ClInclude>
    <ClInclude Include="..\..\..\addons\ofxWinTouch\src\ofWinTouchEngine.h">
      <Filter>addons\ofxWinTouch\src</Filter>
    </ClInclude>
    <ClInclude Include="..\src\interactive\ofxMatrixTransformObject.h">
      <Filter>addons\ofxHeliosLibs\src\interactive</Filter>
    </ClInclude>
  </ItemGroup>
  <ItemGroup>
    <ResourceCompile Include="icon.rc" />
  </ItemGroup>
</Project>